
Microsoft Visual Studio Solution File, Format Version 11.00
# Visual Studio 2010
Project("{FAE04EC0-301F-11D3-BF4B-00C04F79EFBC}") = "BayesianLogic", "BayesianLogic\BayesianLogic.csproj", "{8C5B22F9-58EC-4A5D-A9CD-C29E5E4F5331}"
EndProject
Project("{FAE04EC0-301F-11D3-BF4B-00C04F79EFBC}") = "KinectExplorer", "KinectExplorer\KinectExplorer.csproj", "{35D624F4-9657-4D87-8FD3-6CE4E00CB9DA}"
EndProject
Project("{2150E333-8FDC-42A3-9474-1A3956D46DE8}") = "Solution Items", "Solution Items", "{FE78131B-27FF-4AD8-9B96-85D5B98B39D2}"
	ProjectSection(SolutionItems) = preProject
		KinectExplorer.vsmdi = KinectExplorer.vsmdi
		Local.testsettings = Local.testsettings
		TraceAndTestImpact.testsettings = TraceAndTestImpact.testsettings
	EndProjectSection
EndProject
Project("{FAE04EC0-301F-11D3-BF4B-00C04F79EFBC}") = "BayesianLogic_Tester", "BayesianLogic_Tester\BayesianLogic_Tester.csproj", "{A52DEA29-4CFB-45C2-A635-92624C814B9C}"
EndProject
Project("{FAE04EC0-301F-11D3-BF4B-00C04F79EFBC}") = "KinectExplorerCopy", "KinectExplorerCopy\KinectExplorerCopy.csproj", "{A85A95F0-6947-4176-8237-B473E159D957}"
EndProject
Project("{FAE04EC0-301F-11D3-BF4B-00C04F79EFBC}") = "SkeletonBasics-WPF", "KinectExplorerCopy\SkeletonBasics-WPF\SkeletonBasics-WPF.csproj", "{8121846D-923E-4BB0-8647-30DA753D156E}"
EndProject
Global
	GlobalSection(TestCaseManagementSettings) = postSolution
		CategoryFile = KinectExplorer.vsmdi
	EndGlobalSection
	GlobalSection(SolutionConfigurationPlatforms) = preSolution
		Debug|Any CPU = Debug|Any CPU
		Debug|Mixed Platforms = Debug|Mixed Platforms
		Debug|x86 = Debug|x86
		Release|Any CPU = Release|Any CPU
		Release|Mixed Platforms = Release|Mixed Platforms
		Release|x86 = Release|x86
	EndGlobalSection
	GlobalSection(ProjectConfigurationPlatforms) = postSolution
		{8C5B22F9-58EC-4A5D-A9CD-C29E5E4F5331}.Debug|Any CPU.ActiveCfg = Debug|x86
		{8C5B22F9-58EC-4A5D-A9CD-C29E5E4F5331}.Debug|Mixed Platforms.ActiveCfg = Debug|x86
		{8C5B22F9-58EC-4A5D-A9CD-C29E5E4F5331}.Debug|Mixed Platforms.Build.0 = Debug|x86
		{8C5B22F9-58EC-4A5D-A9CD-C29E5E4F5331}.Debug|x86.ActiveCfg = Debug|x86
		{8C5B22F9-58EC-4A5D-A9CD-C29E5E4F5331}.Debug|x86.Build.0 = Debug|x86
		{8C5B22F9-58EC-4A5D-A9CD-C29E5E4F5331}.Release|Any CPU.ActiveCfg = Release|x86
		{8C5B22F9-58EC-4A5D-A9CD-C29E5E4F5331}.Release|Mixed Platforms.ActiveCfg = Release|x86
		{8C5B22F9-58EC-4A5D-A9CD-C29E5E4F5331}.Release|Mixed Platforms.Build.0 = Release|x86
		{8C5B22F9-58EC-4A5D-A9CD-C29E5E4F5331}.Release|x86.ActiveCfg = Release|x86
		{8C5B22F9-58EC-4A5D-A9CD-C29E5E4F5331}.Release|x86.Build.0 = Release|x86
		{35D624F4-9657-4D87-8FD3-6CE4E00CB9DA}.Debug|Any CPU.ActiveCfg = Debug|Any CPU
		{35D624F4-9657-4D87-8FD3-6CE4E00CB9DA}.Debug|Any CPU.Build.0 = Debug|Any CPU
		{35D624F4-9657-4D87-8FD3-6CE4E00CB9DA}.Debug|Mixed Platforms.ActiveCfg = Debug|Any CPU
		{35D624F4-9657-4D87-8FD3-6CE4E00CB9DA}.Debug|Mixed Platforms.Build.0 = Debug|Any CPU
		{35D624F4-9657-4D87-8FD3-6CE4E00CB9DA}.Debug|x86.ActiveCfg = Debug|Any CPU
		{35D624F4-9657-4D87-8FD3-6CE4E00CB9DA}.Release|Any CPU.ActiveCfg = Release|Any CPU
		{35D624F4-9657-4D87-8FD3-6CE4E00CB9DA}.Release|Any CPU.Build.0 = Release|Any CPU
		{35D624F4-9657-4D87-8FD3-6CE4E00CB9DA}.Release|Mixed Platforms.ActiveCfg = Release|Any CPU
		{35D624F4-9657-4D87-8FD3-6CE4E00CB9DA}.Release|Mixed Platforms.Build.0 = Release|Any CPU
		{35D624F4-9657-4D87-8FD3-6CE4E00CB9DA}.Release|x86.ActiveCfg = Release|Any CPU
		{A52DEA29-4CFB-45C2-A635-92624C814B9C}.Debug|Any CPU.ActiveCfg = Debug|Any CPU
		{A52DEA29-4CFB-45C2-A635-92624C814B9C}.Debug|Any CPU.Build.0 = Debug|Any CPU
		{A52DEA29-4CFB-45C2-A635-92624C814B9C}.Debug|Mixed Platforms.ActiveCfg = Debug|Any CPU
		{A52DEA29-4CFB-45C2-A635-92624C814B9C}.Debug|Mixed Platforms.Build.0 = Debug|Any CPU
		{A52DEA29-4CFB-45C2-A635-92624C814B9C}.Debug|x86.ActiveCfg = Debug|Any CPU
		{A52DEA29-4CFB-45C2-A635-92624C814B9C}.Release|Any CPU.ActiveCfg = Release|Any CPU
		{A52DEA29-4CFB-45C2-A635-92624C814B9C}.Release|Any CPU.Build.0 = Release|Any CPU
		{A52DEA29-4CFB-45C2-A635-92624C814B9C}.Release|Mixed Platforms.ActiveCfg = Release|Any CPU
		{A52DEA29-4CFB-45C2-A635-92624C814B9C}.Release|Mixed Platforms.Build.0 = Release|Any CPU
		{A52DEA29-4CFB-45C2-A635-92624C814B9C}.Release|x86.ActiveCfg = Release|Any CPU
		{A85A95F0-6947-4176-8237-B473E159D957}.Debug|Any CPU.ActiveCfg = Debug|Any CPU
		{A85A95F0-6947-4176-8237-B473E159D957}.Debug|Any CPU.Build.0 = Debug|Any CPU
		{A85A95F0-6947-4176-8237-B473E159D957}.Debug|Mixed Platforms.ActiveCfg = Debug|Any CPU
		{A85A95F0-6947-4176-8237-B473E159D957}.Debug|Mixed Platforms.Build.0 = Debug|Any CPU
		{A85A95F0-6947-4176-8237-B473E159D957}.Debug|x86.ActiveCfg = Debug|Any CPU
		{A85A95F0-6947-4176-8237-B473E159D957}.Release|Any CPU.ActiveCfg = Release|Any CPU
		{A85A95F0-6947-4176-8237-B473E159D957}.Release|Any CPU.Build.0 = Release|Any CPU
		{A85A95F0-6947-4176-8237-B473E159D957}.Release|Mixed Platforms.ActiveCfg = Release|Any CPU
		{A85A95F0-6947-4176-8237-B473E159D957}.Release|Mixed Platforms.Build.0 = Release|Any CPU
		{A85A95F0-6947-4176-8237-B473E159D957}.Release|x86.ActiveCfg = Release|Any CPU
		{8121846D-923E-4BB0-8647-30DA753D156E}.Debug|Any CPU.ActiveCfg = Debug|Any CPU
		{8121846D-923E-4BB0-8647-30DA753D156E}.Debug|Any CPU.Build.0 = Debug|Any CPU
		{8121846D-923E-4BB0-8647-30DA753D156E}.Debug|Mixed Platforms.ActiveCfg = Debug|Any CPU
		{8121846D-923E-4BB0-8647-30DA753D156E}.Debug|Mixed Platforms.Build.0 = Debug|Any CPU
		{8121846D-923E-4BB0-8647-30DA753D156E}.Debug|x86.ActiveCfg = Debug|Any CPU
		{8121846D-923E-4BB0-8647-30DA753D156E}.Release|Any CPU.ActiveCfg = Release|Any CPU
		{8121846D-923E-4BB0-8647-30DA753D156E}.Release|Any CPU.Build.0 = Release|Any CPU
		{8121846D-923E-4BB0-8647-30DA753D156E}.Release|Mixed Platforms.ActiveCfg = Release|Any CPU
		{8121846D-923E-4BB0-8647-30DA753D156E}.Release|Mixed Platforms.Build.0 = Release|Any CPU
		{8121846D-923E-4BB0-8647-30DA753D156E}.Release|x86.ActiveCfg = Release|Any CPU
	EndGlobalSection
	GlobalSection(SolutionProperties) = preSolution
		HideSolutionNode = FALSE
	EndGlobalSection
EndGlobal
